// !$*UTF8*$!
{
	archiveVersion = 1;
	classes = {
	};
	objectVersion = 50;
	objects = {

/* Begin PBXBuildFile section */
		97B3891C24AF65F968E36A7F /* libPods-Rikki and Morty 6.a in Frameworks */ = {isa = PBXBuildFile; fileRef = B146862D456E87B83361EF83 /* libPods-Rikki and Morty 6.a */; };
		F02D8E8026C8421F00663898 /* Welcome.swift in Sources */ = {isa = PBXBuildFile; fileRef = F02D8E7F26C8421F00663898 /* Welcome.swift */; };
		F038431A26D6D72700C09333 /* InfoPersonViewController.swift in Sources */ = {isa = PBXBuildFile; fileRef = F038431926D6D72700C09333 /* InfoPersonViewController.swift */; };
		F038431E26D8249A00C09333 /* CellInfoTableViewCell.swift in Sources */ = {isa = PBXBuildFile; fileRef = F038431D26D8249A00C09333 /* CellInfoTableViewCell.swift */; };
		F0655DA926FBC08200FEA8BB /* ModelInfoPerson.swift in Sources */ = {isa = PBXBuildFile; fileRef = F0655DA826FBC08200FEA8BB /* ModelInfoPerson.swift */; };
		F0A5CE5426C6F2C600D4A85E /* AppDelegate.swift in Sources */ = {isa = PBXBuildFile; fileRef = F0A5CE5326C6F2C600D4A85E /* AppDelegate.swift */; };
		F0A5CE5626C6F2C600D4A85E /* SceneDelegate.swift in Sources */ = {isa = PBXBuildFile; fileRef = F0A5CE5526C6F2C600D4A85E /* SceneDelegate.swift */; };
		F0A5CE5826C6F2C600D4A85E /* ViewController.swift in Sources */ = {isa = PBXBuildFile; fileRef = F0A5CE5726C6F2C600D4A85E /* ViewController.swift */; };
		F0A5CE5B26C6F2C600D4A85E /* Main.storyboard in Resources */ = {isa = PBXBuildFile; fileRef = F0A5CE5926C6F2C600D4A85E /* Main.storyboard */; };
		F0A5CE5D26C6F2C800D4A85E /* Assets.xcassets in Resources */ = {isa = PBXBuildFile; fileRef = F0A5CE5C26C6F2C800D4A85E /* Assets.xcassets */; };
		F0A5CE6026C6F2C800D4A85E /* LaunchScreen.storyboard in Resources */ = {isa = PBXBuildFile; fileRef = F0A5CE5E26C6F2C800D4A85E /* LaunchScreen.storyboard */; };
		F0A5CE6A26C6F4ED00D4A85E /* PersonCellTableViewCell.swift in Sources */ = {isa = PBXBuildFile; fileRef = F0A5CE6926C6F4ED00D4A85E /* PersonCellTableViewCell.swift */; };
		F0A5CE6C26C6F8FD00D4A85E /* LoadPersons.swift in Sources */ = {isa = PBXBuildFile; fileRef = F0A5CE6B26C6F8FD00D4A85E /* LoadPersons.swift */; };
		F0EFFA4B26FE472E001EBAFA /* ModelForEpisodes.swift in Sources */ = {isa = PBXBuildFile; fileRef = F0EFFA4A26FE472E001EBAFA /* ModelForEpisodes.swift */; };
		F0FB61FF26ED2E210098D715 /* LoadInfoPerson.swift in Sources */ = {isa = PBXBuildFile; fileRef = F0FB61FE26ED2E210098D715 /* LoadInfoPerson.swift */; };
/* End PBXBuildFile section */

/* Begin PBXFileReference section */
		63FE57D21A0FE2C28B1CB11A /* Pods-Rikki and Morty 6.debug.xcconfig */ = {isa = PBXFileReference; includeInIndex = 1; lastKnownFileType = text.xcconfig; name = "Pods-Rikki and Morty 6.debug.xcconfig"; path = "Target Support Files/Pods-Rikki and Morty 6/Pods-Rikki and Morty 6.debug.xcconfig"; sourceTree = "<group>"; };
		B146862D456E87B83361EF83 /* libPods-Rikki and Morty 6.a */ = {isa = PBXFileReference; explicitFileType = archive.ar; includeInIndex = 0; path = "libPods-Rikki and Morty 6.a"; sourceTree = BUILT_PRODUCTS_DIR; };
		F02D8E7F26C8421F00663898 /* Welcome.swift */ = {isa = PBXFileReference; lastKnownFileType = sourcecode.swift; path = Welcome.swift; sourceTree = "<group>"; };
		F038431926D6D72700C09333 /* InfoPersonViewController.swift */ = {isa = PBXFileReference; lastKnownFileType = sourcecode.swift; path = InfoPersonViewController.swift; sourceTree = "<group>"; };
		F038431D26D8249A00C09333 /* CellInfoTableViewCell.swift */ = {isa = PBXFileReference; lastKnownFileType = sourcecode.swift; path = CellInfoTableViewCell.swift; sourceTree = "<group>"; };
		F0655DA826FBC08200FEA8BB /* ModelInfoPerson.swift */ = {isa = PBXFileReference; lastKnownFileType = sourcecode.swift; path = ModelInfoPerson.swift; sourceTree = "<group>"; };
		F0A5CE5026C6F2C600D4A85E /* Rikki and Morty 6.app */ = {isa = PBXFileReference; explicitFileType = wrapper.application; includeInIndex = 0; path = "Rikki and Morty 6.app"; sourceTree = BUILT_PRODUCTS_DIR; };
		F0A5CE5326C6F2C600D4A85E /* AppDelegate.swift */ = {isa = PBXFileReference; lastKnownFileType = sourcecode.swift; path = AppDelegate.swift; sourceTree = "<group>"; };
		F0A5CE5526C6F2C600D4A85E /* SceneDelegate.swift */ = {isa = PBXFileReference; lastKnownFileType = sourcecode.swift; path = SceneDelegate.swift; sourceTree = "<group>"; };
		F0A5CE5726C6F2C600D4A85E /* ViewController.swift */ = {isa = PBXFileReference; lastKnownFileType = sourcecode.swift; path = ViewController.swift; sourceTree = "<group>"; };
		F0A5CE5A26C6F2C600D4A85E /* Base */ = {isa = PBXFileReference; lastKnownFileType = file.storyboard; name = Base; path = Base.lproj/Main.storyboard; sourceTree = "<group>"; };
		F0A5CE5C26C6F2C800D4A85E /* Assets.xcassets */ = {isa = PBXFileReference; lastKnownFileType = folder.assetcatalog; path = Assets.xcassets; sourceTree = "<group>"; };
		F0A5CE5F26C6F2C800D4A85E /* Base */ = {isa = PBXFileReference; lastKnownFileType = file.storyboard; name = Base; path = Base.lproj/LaunchScreen.storyboard; sourceTree = "<group>"; };
		F0A5CE6126C6F2C800D4A85E /* Info.plist */ = {isa = PBXFileReference; lastKnownFileType = text.plist.xml; path = Info.plist; sourceTree = "<group>"; };
		F0A5CE6926C6F4ED00D4A85E /* PersonCellTableViewCell.swift */ = {isa = PBXFileReference; lastKnownFileType = sourcecode.swift; path = PersonCellTableViewCell.swift; sourceTree = "<group>"; };
		F0A5CE6B26C6F8FD00D4A85E /* LoadPersons.swift */ = {isa = PBXFileReference; lastKnownFileType = sourcecode.swift; path = LoadPersons.swift; sourceTree = "<group>"; };
		F0EFFA4A26FE472E001EBAFA /* ModelForEpisodes.swift */ = {isa = PBXFileReference; lastKnownFileType = sourcecode.swift; path = ModelForEpisodes.swift; sourceTree = "<group>"; };
		F0FB61FE26ED2E210098D715 /* LoadInfoPerson.swift */ = {isa = PBXFileReference; lastKnownFileType = sourcecode.swift; path = LoadInfoPerson.swift; sourceTree = "<group>"; };
		F4564813E50AD6D832EAE822 /* Pods-Rikki and Morty 6.release.xcconfig */ = {isa = PBXFileReference; includeInIndex = 1; lastKnownFileType = text.xcconfig; name = "Pods-Rikki and Morty 6.release.xcconfig"; path = "Target Support Files/Pods-Rikki and Morty 6/Pods-Rikki and Morty 6.release.xcconfig"; sourceTree = "<group>"; };
/* End PBXFileReference section */

/* Begin PBXFrameworksBuildPhase section */
		F0A5CE4D26C6F2C600D4A85E /* Frameworks */ = {
			isa = PBXFrameworksBuildPhase;
			buildActionMask = 2147483647;
			files = (
				97B3891C24AF65F968E36A7F /* libPods-Rikki and Morty 6.a in Frameworks */,
			);
			runOnlyForDeploymentPostprocessing = 0;
		};
/* End PBXFrameworksBuildPhase section */

/* Begin PBXGroup section */
		70FBA380A821846C2C68B670 /* Pods */ = {
			isa = PBXGroup;
			children = (
				63FE57D21A0FE2C28B1CB11A /* Pods-Rikki and Morty 6.debug.xcconfig */,
				F4564813E50AD6D832EAE822 /* Pods-Rikki and Morty 6.release.xcconfig */,
			);
			path = Pods;
			sourceTree = "<group>";
		};
		EEA7027077D1C0F71D31D080 /* Frameworks */ = {
			isa = PBXGroup;
			children = (
				B146862D456E87B83361EF83 /* libPods-Rikki and Morty 6.a */,
			);
			name = Frameworks;
			sourceTree = "<group>";
		};
		F0A5CE4726C6F2C600D4A85E = {
			isa = PBXGroup;
			children = (
				F0A5CE5226C6F2C600D4A85E /* Rikki and Morty 6 */,
				F0A5CE5126C6F2C600D4A85E /* Products */,
				70FBA380A821846C2C68B670 /* Pods */,
				EEA7027077D1C0F71D31D080 /* Frameworks */,
			);
			sourceTree = "<group>";
		};
		F0A5CE5126C6F2C600D4A85E /* Products */ = {
			isa = PBXGroup;
			children = (
				F0A5CE5026C6F2C600D4A85E /* Rikki and Morty 6.app */,
			);
			name = Products;
			sourceTree = "<group>";
		};
		F0A5CE5226C6F2C600D4A85E /* Rikki and Morty 6 */ = {
			isa = PBXGroup;
			children = (
				F0CE1EFA2754068B0014555C /* Views */,
				F0CE1EF9275406560014555C /* Cells */,
				F0CE1EF8275406310014555C /* Controllers */,
				F0CE1EF72754062D0014555C /* Models */,
				F0CE1EF52754061F0014555C /* Network */,
				F0A5CE5326C6F2C600D4A85E /* AppDelegate.swift */,
				F0A5CE5526C6F2C600D4A85E /* SceneDelegate.swift */,
				F0A5CE5C26C6F2C800D4A85E /* Assets.xcassets */,
				F0A5CE5E26C6F2C800D4A85E /* LaunchScreen.storyboard */,
				F0A5CE6126C6F2C800D4A85E /* Info.plist */,
			);
			path = "Rikki and Morty 6";
			sourceTree = "<group>";
		};
		F0CE1EF52754061F0014555C /* Network */ = {
			isa = PBXGroup;
			children = (
				F0FB61FE26ED2E210098D715 /* LoadInfoPerson.swift */,
				F0A5CE6B26C6F8FD00D4A85E /* LoadPersons.swift */,
			);
			path = Network;
			sourceTree = "<group>";
		};
		F0CE1EF72754062D0014555C /* Models */ = {
			isa = PBXGroup;
			children = (
				F02D8E7F26C8421F00663898 /* Welcome.swift */,
				F0655DA826FBC08200FEA8BB /* ModelInfoPerson.swift */,
				F0EFFA4A26FE472E001EBAFA /* ModelForEpisodes.swift */,
			);
			path = Models;
			sourceTree = "<group>";
		};
		F0CE1EF8275406310014555C /* Controllers */ = {
			isa = PBXGroup;
			children = (
				F0A5CE5726C6F2C600D4A85E /* ViewController.swift */,
				F038431926D6D72700C09333 /* InfoPersonViewController.swift */,
			);
			path = Controllers;
			sourceTree = "<group>";
		};
		F0CE1EF9275406560014555C /* Cells */ = {
			isa = PBXGroup;
			children = (
				F038431D26D8249A00C09333 /* CellInfoTableViewCell.swift */,
				F0A5CE6926C6F4ED00D4A85E /* PersonCellTableViewCell.swift */,
			);
			path = Cells;
			sourceTree = "<group>";
		};
		F0CE1EFA2754068B0014555C /* Views */ = {
			isa = PBXGroup;
			children = (
				F0A5CE5926C6F2C600D4A85E /* Main.storyboard */,
			);
			path = Views;
			sourceTree = "<group>";
		};
/* End PBXGroup section */

/* Begin PBXNativeTarget section */
		F0A5CE4F26C6F2C600D4A85E /* Rikki and Morty 6 */ = {
			isa = PBXNativeTarget;
			buildConfigurationList = F0A5CE6426C6F2C800D4A85E /* Build configuration list for PBXNativeTarget "Rikki and Morty 6" */;
			buildPhases = (
				DF96065C241AC216D324C901 /* [CP] Check Pods Manifest.lock */,
				F0A5CE4C26C6F2C600D4A85E /* Sources */,
				F0A5CE4D26C6F2C600D4A85E /* Frameworks */,
				F0A5CE4E26C6F2C600D4A85E /* Resources */,
			);
			buildRules = (
			);
			dependencies = (
			);
			name = "Rikki and Morty 6";
			productName = "Rikki and Morty 6";
			productReference = F0A5CE5026C6F2C600D4A85E /* Rikki and Morty 6.app */;
			productType = "com.apple.product-type.application";
		};
/* End PBXNativeTarget section */

/* Begin PBXProject section */
		F0A5CE4826C6F2C600D4A85E /* Project object */ = {
			isa = PBXProject;
			attributes = {
				LastSwiftUpdateCheck = 1250;
				LastUpgradeCheck = 1250;
				TargetAttributes = {
					F0A5CE4F26C6F2C600D4A85E = {
						CreatedOnToolsVersion = 12.5.1;
					};
				};
			};
			buildConfigurationList = F0A5CE4B26C6F2C600D4A85E /* Build configuration list for PBXProject "Rikki and Morty 6" */;
			compatibilityVersion = "Xcode 9.3";
			developmentRegion = en;
			hasScannedForEncodings = 0;
			knownRegions = (
				en,
				Base,
			);
			mainGroup = F0A5CE4726C6F2C600D4A85E;
			productRefGroup = F0A5CE5126C6F2C600D4A85E /* Products */;
			projectDirPath = "";
			projectRoot = "";
			targets = (
				F0A5CE4F26C6F2C600D4A85E /* Rikki and Morty 6 */,
			);
		};
/* End PBXProject section */

/* Begin PBXResourcesBuildPhase section */
		F0A5CE4E26C6F2C600D4A85E /* Resources */ = {
			isa = PBXResourcesBuildPhase;
			buildActionMask = 2147483647;
			files = (
				F0A5CE6026C6F2C800D4A85E /* LaunchScreen.storyboard in Resources */,
				F0A5CE5D26C6F2C800D4A85E /* Assets.xcassets in Resources */,
				F0A5CE5B26C6F2C600D4A85E /* Main.storyboard in Resources */,
			);
			runOnlyForDeploymentPostprocessing = 0;
		};
/* End PBXResourcesBuildPhase section */

/* Begin PBXShellScriptBuildPhase section */
		DF96065C241AC216D324C901 /* [CP] Check Pods Manifest.lock */ = {
			isa = PBXShellScriptBuildPhase;
			buildActionMask = 2147483647;
			files = (
			);
			inputFileListPaths = (
			);
			inputPaths = (
				"${PODS_PODFILE_DIR_PATH}/Podfile.lock",
				"${PODS_ROOT}/Manifest.lock",
			);
			name = "[CP] Check Pods Manifest.lock";
			outputFileListPaths = (
			);
			outputPaths = (
				"$(DERIVED_FILE_DIR)/Pods-Rikki and Morty 6-checkManifestLockResult.txt",
			);
			runOnlyForDeploymentPostprocessing = 0;
			shellPath = /bin/sh;
			shellScript = "diff \"${PODS_PODFILE_DIR_PATH}/Podfile.lock\" \"${PODS_ROOT}/Manifest.lock\" > /dev/null\nif [ $? != 0 ] ; then\n    # print error to STDERR\n    echo \"error: The sandbox is not in sync with the Podfile.lock. Run 'pod install' or update your CocoaPods installation.\" >&2\n    exit 1\nfi\n# This output is used by Xcode 'outputs' to avoid re-running this script phase.\necho \"SUCCESS\" > \"${SCRIPT_OUTPUT_FILE_0}\"\n";
			showEnvVarsInLog = 0;
		};
/* End PBXShellScriptBuildPhase section */

/* Begin PBXSourcesBuildPhase section */
		F0A5CE4C26C6F2C600D4A85E /* Sources */ = {
			isa = PBXSourcesBuildPhase;
			buildActionMask = 2147483647;
			files = (
				F0655DA926FBC08200FEA8BB /* ModelInfoPerson.swift in Sources */,
				F0A5CE5826C6F2C600D4A85E /* ViewController.swift in Sources */,
				F0A5CE5426C6F2C600D4A85E /* AppDelegate.swift in Sources */,
				F038431A26D6D72700C09333 /* InfoPersonViewController.swift in Sources */,
				F0A5CE6A26C6F4ED00D4A85E /* PersonCellTableViewCell.swift in Sources */,
				F0A5CE6C26C6F8FD00D4A85E /* LoadPersons.swift in Sources */,
				F0FB61FF26ED2E210098D715 /* LoadInfoPerson.swift in Sources */,
				F0EFFA4B26FE472E001EBAFA /* ModelForEpisodes.swift in Sources */,
				F038431E26D8249A00C09333 /* CellInfoTableViewCell.swift in Sources */,
				F02D8E8026C8421F00663898 /* Welcome.swift in Sources */,
				F0A5CE5626C6F2C600D4A85E /* SceneDelegate.swift in Sources */,
			);
			runOnlyForDeploymentPostprocessing = 0;
		};
/* End PBXSourcesBuildPhase section */

/* Begin PBXVariantGroup section */
		F0A5CE5926C6F2C600D4A85E /* Main.storyboard */ = {
			isa = PBXVariantGroup;
			children = (
				F0A5CE5A26C6F2C600D4A85E /* Base */,
			);
			name = Main.storyboard;
			sourceTree = "<group>";
		};
		F0A5CE5E26C6F2C800D4A85E /* LaunchScreen.storyboard */ = {
			isa = PBXVariantGroup;
			children = (
				F0A5CE5F26C6F2C800D4A85E /* Base */,
			);
			name = LaunchScreen.storyboard;
			sourceTree = "<group>";
		};
/* End PBXVariantGroup section */

/* Begin XCBuildConfiguration section */
		F0A5CE6226C6F2C800D4A85E /* Debug */ = {
			isa = XCBuildConfiguration;
			buildSettings = {
				ALWAYS_SEARCH_USER_PATHS = NO;
				CLANG_ANALYZER_NONNULL = YES;
				CLANG_ANALYZER_NUMBER_OBJECT_CONVERSION = YES_AGGRESSIVE;
				CLANG_CXX_LANGUAGE_STANDARD = "gnu++14";
				CLANG_CXX_LIBRARY = "libc++";
				CLANG_ENABLE_MODULES = YES;
				CLANG_ENABLE_OBJC_ARC = YES;
				CLANG_ENABLE_OBJC_WEAK = YES;
				CLANG_WARN_BLOCK_CAPTURE_AUTORELEASING = YES;
				CLANG_WARN_BOOL_CONVERSION = YES;
				CLANG_WARN_COMMA = YES;
				CLANG_WARN_CONSTANT_CONVERSION = YES;
				CLANG_WARN_DEPRECATED_OBJC_IMPLEMENTATIONS = YES;
				CLANG_WARN_DIRECT_OBJC_ISA_USAGE = YES_ERROR;
				CLANG_WARN_DOCUMENTATION_COMMENTS = YES;
				CLANG_WARN_EMPTY_BODY = YES;
				CLANG_WARN_ENUM_CONVERSION = YES;
				CLANG_WARN_INFINITE_RECURSION = YES;
				CLANG_WARN_INT_CONVERSION = YES;
				CLANG_WARN_NON_LITERAL_NULL_CONVERSION = YES;
				CLANG_WARN_OBJC_IMPLICIT_RETAIN_SELF = YES;
				CLANG_WARN_OBJC_LITERAL_CONVERSION = YES;
				CLANG_WARN_OBJC_ROOT_CLASS = YES_ERROR;
				CLANG_WARN_QUOTED_INCLUDE_IN_FRAMEWORK_HEADER = YES;
				CLANG_WARN_RANGE_LOOP_ANALYSIS = YES;
				CLANG_WARN_STRICT_PROTOTYPES = YES;
				CLANG_WARN_SUSPICIOUS_MOVE = YES;
				CLANG_WARN_UNGUARDED_AVAILABILITY = YES_AGGRESSIVE;
				CLANG_WARN_UNREACHABLE_CODE = YES;
				CLANG_WARN__DUPLICATE_METHOD_MATCH = YES;
				COPY_PHASE_STRIP = NO;
				DEBUG_INFORMATION_FORMAT = dwarf;
				ENABLE_STRICT_OBJC_MSGSEND = YES;
				ENABLE_TESTABILITY = YES;
				GCC_C_LANGUAGE_STANDARD = gnu11;
				GCC_DYNAMIC_NO_PIC = NO;
				GCC_NO_COMMON_BLOCKS = YES;
				GCC_OPTIMIZATION_LEVEL = 0;
				GCC_PREPROCESSOR_DEFINITIONS = (
					"DEBUG=1",
					"$(inherited)",
				);
				GCC_WARN_64_TO_32_BIT_CONVERSION = YES;
				GCC_WARN_ABOUT_RETURN_TYPE = YES_ERROR;
				GCC_WARN_UNDECLARED_SELECTOR = YES;
				GCC_WARN_UNINITIALIZED_AUTOS = YES_AGGRESSIVE;
				GCC_WARN_UNUSED_FUNCTION = YES;
				GCC_WARN_UNUSED_VARIABLE = YES;
				IPHONEOS_DEPLOYMENT_TARGET = 14.5;
				MTL_ENABLE_DEBUG_INFO = INCLUDE_SOURCE;
				MTL_FAST_MATH = YES;
				ONLY_ACTIVE_ARCH = YES;
				SDKROOT = iphoneos;
				SWIFT_ACTIVE_COMPILATION_CONDITIONS = DEBUG;
				SWIFT_OPTIMIZATION_LEVEL = "-Onone";
			};
			name = Debug;
		};
		F0A5CE6326C6F2C800D4A85E /* Release */ = {
			isa = XCBuildConfiguration;
			buildSettings = {
				ALWAYS_SEARCH_USER_PATHS = NO;
				CLANG_ANALYZER_NONNULL = YES;
				CLANG_ANALYZER_NUMBER_OBJECT_CONVERSION = YES_AGGRESSIVE;
				CLANG_CXX_LANGUAGE_STANDARD = "gnu++14";
				CLANG_CXX_LIBRARY = "libc++";
				CLANG_ENABLE_MODULES = YES;
				CLANG_ENABLE_OBJC_ARC = YES;
				CLANG_ENABLE_OBJC_WEAK = YES;
				CLANG_WARN_BLOCK_CAPTURE_AUTORELEASING = YES;
				CLANG_WARN_BOOL_CONVERSION = YES;
				CLANG_WARN_COMMA = YES;
				CLANG_WARN_CONSTANT_CONVERSION = YES;
				CLANG_WARN_DEPRECATED_OBJC_IMPLEMENTATIONS = YES;
				CLANG_WARN_DIRECT_OBJC_ISA_USAGE = YES_ERROR;
				CLANG_WARN_DOCUMENTATION_COMMENTS = YES;
				CLANG_WARN_EMPTY_BODY = YES;
				CLANG_WARN_ENUM_CONVERSION = YES;
				CLANG_WARN_INFINITE_RECURSION = YES;
				CLANG_WARN_INT_CONVERSION = YES;
				CLANG_WARN_NON_LITERAL_NULL_CONVERSION = YES;
				CLANG_WARN_OBJC_IMPLICIT_RETAIN_SELF = YES;
				CLANG_WARN_OBJC_LITERAL_CONVERSION = YES;
				CLANG_WARN_OBJC_ROOT_CLASS = YES_ERROR;
				CLANG_WARN_QUOTED_INCLUDE_IN_FRAMEWORK_HEADER = YES;
				CLANG_WARN_RANGE_LOOP_ANALYSIS = YES;
				CLANG_WARN_STRICT_PROTOTYPES = YES;
				CLANG_WARN_SUSPICIOUS_MOVE = YES;
				CLANG_WARN_UNGUARDED_AVAILABILITY = YES_AGGRESSIVE;
				CLANG_WARN_UNREACHABLE_CODE = YES;
				CLANG_WARN__DUPLICATE_METHOD_MATCH = YES;
				COPY_PHASE_STRIP = NO;
				DEBUG_INFORMATION_FORMAT = "dwarf-with-dsym";
				ENABLE_NS_ASSERTIONS = NO;
				ENABLE_STRICT_OBJC_MSGSEND = YES;
				GCC_C_LANGUAGE_STANDARD = gnu11;
				GCC_NO_COMMON_BLOCKS = YES;
				GCC_WARN_64_TO_32_BIT_CONVERSION = YES;
				GCC_WARN_ABOUT_RETURN_TYPE = YES_ERROR;
				GCC_WARN_UNDECLARED_SELECTOR = YES;
				GCC_WARN_UNINITIALIZED_AUTOS = YES_AGGRESSIVE;
				GCC_WARN_UNUSED_FUNCTION = YES;
				GCC_WARN_UNUSED_VARIABLE = YES;
				IPHONEOS_DEPLOYMENT_TARGET = 14.5;
				MTL_ENABLE_DEBUG_INFO = NO;
				MTL_FAST_MATH = YES;
				SDKROOT = iphoneos;
				SWIFT_COMPILATION_MODE = wholemodule;
				SWIFT_OPTIMIZATION_LEVEL = "-O";
				VALIDATE_PRODUCT = YES;
			};
			name = Release;
		};
		F0A5CE6526C6F2C800D4A85E /* Debug */ = {
			isa = XCBuildConfiguration;
			baseConfigurationReference = 63FE57D21A0FE2C28B1CB11A /* Pods-Rikki and Morty 6.debug.xcconfig */;
			buildSettings = {
				ASSETCATALOG_COMPILER_APPICON_NAME = AppIcon;
				ASSETCATALOG_COMPILER_GLOBAL_ACCENT_COLOR_NAME = AccentColor;
				CODE_SIGN_STYLE = Automatic;
				DEVELOPMENT_TEAM = MJFYL9WBZ5;
				INFOPLIST_FILE = "Rikki and Morty 6/Info.plist";
				LD_RUNPATH_SEARCH_PATHS = (
					"$(inherited)",
					"@executable_path/Frameworks",
				);
				PRODUCT_BUNDLE_IDENTIFIER = "-30939.Rikki-and-Morty-6";
				PRODUCT_NAME = "$(TARGET_NAME)";
				SWIFT_VERSION = 5.0;
				TARGETED_DEVICE_FAMILY = 1;
			};
			name = Debug;
		};
		F0A5CE6626C6F2C800D4A85E /* Release */ = {
			isa = XCBuildConfiguration;
			baseConfigurationReference = F4564813E50AD6D832EAE822 /* Pods-Rikki and Morty 6.release.xcconfig */;
			buildSettings = {
				ASSETCATALOG_COMPILER_APPICON_NAME = AppIcon;
				ASSETCATALOG_COMPILER_GLOBAL_ACCENT_COLOR_NAME = AccentColor;
				CODE_SIGN_STYLE = Automatic;
				DEVELOPMENT_TEAM = MJFYL9WBZ5;
				INFOPLIST_FILE = "Rikki and Morty 6/Info.plist";
				LD_RUNPATH_SEARCH_PATHS = (
					"$(inherited)",
					"@executable_path/Frameworks",
				);
				PRODUCT_BUNDLE_IDENTIFIER = "-30939.Rikki-and-Morty-6";
				PRODUCT_NAME = "$(TARGET_NAME)";
				SWIFT_VERSION = 5.0;
				TARGETED_DEVICE_FAMILY = 1;
			};
			name = Release;
		};
/* End XCBuildConfiguration section */

/* Begin XCConfigurationList section */
		F0A5CE4B26C6F2C600D4A85E /* Build configuration list for PBXProject "Rikki and Morty 6" */ = {
			isa = XCConfigurationList;
			buildConfigurations = (
				F0A5CE6226C6F2C800D4A85E /* Debug */,
				F0A5CE6326C6F2C800D4A85E /* Release */,
			);
			defaultConfigurationIsVisible = 0;
			defaultConfigurationName = Release;
		};
		F0A5CE6426C6F2C800D4A85E /* Build configuration list for PBXNativeTarget "Rikki and Morty 6" */ = {
			isa = XCConfigurationList;
			buildConfigurations = (
				F0A5CE6526C6F2C800D4A85E /* Debug */,
				F0A5CE6626C6F2C800D4A85E /* Release */,
			);
			defaultConfigurationIsVisible = 0;
			defaultConfigurationName = Release;
		};
/* End XCConfigurationList section */
	};
	rootObject = F0A5CE4826C6F2C600D4A85E /* Project object */;
}
